
Microsoft Visual Studio Solution File, Format Version 12.00
# Visual Studio Version 16
VisualStudioVersion = 16.0.29911.84
MinimumVisualStudioVersion = 10.0.40219.1
Project("{FAE04EC0-301F-11D3-BF4B-00C04F79EFBC}") = "QLQuanTrasua", "QLQuanTrasua\QLQuanTrasua.csproj", "{8F73EF3A-4EE0-4580-856C-636019A71CCC}"
EndProject
Global
	GlobalSection(SolutionConfigurationPlatforms) = preSolution
		Debug|Any CPU = Debug|Any CPU
		Release|Any CPU = Release|Any CPU
	EndGlobalSection
	GlobalSection(ProjectConfigurationPlatforms) = postSolution
		{8F73EF3A-4EE0-4580-856C-636019A71CCC}.Debug|Any CPU.ActiveCfg = Debug|Any CPU
		{8F73EF3A-4EE0-4580-856C-636019A71CCC}.Debug|Any CPU.Build.0 = Debug|Any CPU
		{8F73EF3A-4EE0-4580-856C-636019A71CCC}.Release|Any CPU.ActiveCfg = Release|Any CPU
		{8F73EF3A-4EE0-4580-856C-636019A71CCC}.Release|Any CPU.Build.0 = Release|Any CPU
	EndGlobalSection
	GlobalSection(SolutionProperties) = preSolution
		HideSolutionNode = FALSE
	EndGlobalSection
	GlobalSection(ExtensibilityGlobals) = postSolution
		SolutionGuid = {BAC2CF57-0183-48BA-9600-A84E38445867}
	EndGlobalSection
EndGlobal
